
Microsoft Visual Studio Solution File, Format Version 10.00
# Visual Studio 2008
Project("{2150E333-8FDC-42A3-9474-1A3956D46DE8}") = "Tests", "Tests", "{C7465563-1DD0-4323-AAD5-3DB045799F9F}"
EndProject
Project("{FAE04EC0-301F-11D3-BF4B-00C04F79EFBC}") = "BaseLibraryV1", "Tests\BaseLibraryV1\BaseLibraryV1.csproj", "{84FF7649-6505-45AE-A3BE-A0E30357F3C3}"
EndProject
Project("{FAE04EC0-301F-11D3-BF4B-00C04F79EFBC}") = "BaseLibraryV2", "Tests\BaseLibraryV2\BaseLibraryV2.csproj", "{850E13C6-5FB3-4FC9-AC63-6BFE73962DDD}"
EndProject
Project("{FAE04EC0-301F-11D3-BF4B-00C04F79EFBC}") = "DependantLibV1", "Tests\DependantLibV1\DependantLibV1.csproj", "{44BD3C7D-7385-40AA-B842-564FCF34FB76}"
EndProject
Project("{FAE04EC0-301F-11D3-BF4B-00C04F79EFBC}") = "DependantLibV2", "Tests\DependantLibV2\DependantLibV2.csproj", "{9E5F756C-E4DA-476F-AAC8-7C368B8021B2}"
EndProject
Project("{2150E333-8FDC-42A3-9474-1A3956D46DE8}") = "Solution Items", "Solution Items", "{740593EE-3A0E-4731-AA7F-B95B34EBCD95}"
	ProjectSection(SolutionItems) = preProject
		StartAllTests.nunit = StartAllTests.nunit
		StartUnitTests.nunit = StartUnitTests.nunit
	EndProjectSection
EndProject
Project("{FAE04EC0-301F-11D3-BF4B-00C04F79EFBC}") = "ApiChange_uTest", "Tests\ApiChange_uTest\ApiChange_uTest.csproj", "{BB811F60-35CF-42F7-9A62-B2C796673A9A}"
	ProjectSection(ProjectDependencies) = postProject
		{84FF7649-6505-45AE-A3BE-A0E30357F3C3} = {84FF7649-6505-45AE-A3BE-A0E30357F3C3}
		{9E5F756C-E4DA-476F-AAC8-7C368B8021B2} = {9E5F756C-E4DA-476F-AAC8-7C368B8021B2}
		{44BD3C7D-7385-40AA-B842-564FCF34FB76} = {44BD3C7D-7385-40AA-B842-564FCF34FB76}
		{BFBCCA96-BE1E-4DD7-B3CF-5DFAB38B8AB1} = {BFBCCA96-BE1E-4DD7-B3CF-5DFAB38B8AB1}
		{850E13C6-5FB3-4FC9-AC63-6BFE73962DDD} = {850E13C6-5FB3-4FC9-AC63-6BFE73962DDD}
	EndProjectSection
EndProject
Project("{FAE04EC0-301F-11D3-BF4B-00C04F79EFBC}") = "ApiChange", "ApiChange\src\ApiChange.csproj", "{DDF2A1D3-CA20-44B4-99B4-8A87AE4ECC7D}"
EndProject
Project("{FAE04EC0-301F-11D3-BF4B-00C04F79EFBC}") = "ApiChange.Api", "ApiChange.Api\src\ApiChange.Api.csproj", "{BFBCCA96-BE1E-4DD7-B3CF-5DFAB38B8AB1}"
EndProject
Project("{FAE04EC0-301F-11D3-BF4B-00C04F79EFBC}") = "ApiChange_iTest", "Tests\ApiChange_iTest\ApiChange_iTest.csproj", "{1CA8ED8D-A6B4-4E58-844A-6D29AD7AC73A}"
	ProjectSection(ProjectDependencies) = postProject
		{84FF7649-6505-45AE-A3BE-A0E30357F3C3} = {84FF7649-6505-45AE-A3BE-A0E30357F3C3}
		{9E5F756C-E4DA-476F-AAC8-7C368B8021B2} = {9E5F756C-E4DA-476F-AAC8-7C368B8021B2}
		{44BD3C7D-7385-40AA-B842-564FCF34FB76} = {44BD3C7D-7385-40AA-B842-564FCF34FB76}
		{850E13C6-5FB3-4FC9-AC63-6BFE73962DDD} = {850E13C6-5FB3-4FC9-AC63-6BFE73962DDD}
	EndProjectSection
EndProject
Global
	GlobalSection(RationalClearCase) = preSolution
		SourceControlProvider = RationalClearCase
	EndGlobalSection
	GlobalSection(SolutionConfigurationPlatforms) = preSolution
		Debug|Any CPU = Debug|Any CPU
		Debug|x86 = Debug|x86
		Release|Any CPU = Release|Any CPU
		Release|x86 = Release|x86
	EndGlobalSection
	GlobalSection(ProjectConfigurationPlatforms) = postSolution
		{84FF7649-6505-45AE-A3BE-A0E30357F3C3}.Debug|Any CPU.ActiveCfg = Debug|Any CPU
		{84FF7649-6505-45AE-A3BE-A0E30357F3C3}.Debug|Any CPU.Build.0 = Debug|Any CPU
		{84FF7649-6505-45AE-A3BE-A0E30357F3C3}.Debug|x86.ActiveCfg = Debug|x86
		{84FF7649-6505-45AE-A3BE-A0E30357F3C3}.Debug|x86.Build.0 = Debug|x86
		{84FF7649-6505-45AE-A3BE-A0E30357F3C3}.Release|Any CPU.ActiveCfg = Release|Any CPU
		{84FF7649-6505-45AE-A3BE-A0E30357F3C3}.Release|Any CPU.Build.0 = Release|Any CPU
		{84FF7649-6505-45AE-A3BE-A0E30357F3C3}.Release|x86.ActiveCfg = Release|Any CPU
		{850E13C6-5FB3-4FC9-AC63-6BFE73962DDD}.Debug|Any CPU.ActiveCfg = Debug|Any CPU
		{850E13C6-5FB3-4FC9-AC63-6BFE73962DDD}.Debug|Any CPU.Build.0 = Debug|Any CPU
		{850E13C6-5FB3-4FC9-AC63-6BFE73962DDD}.Debug|x86.ActiveCfg = Debug|x86
		{850E13C6-5FB3-4FC9-AC63-6BFE73962DDD}.Debug|x86.Build.0 = Debug|x86
		{850E13C6-5FB3-4FC9-AC63-6BFE73962DDD}.Release|Any CPU.ActiveCfg = Release|Any CPU
		{850E13C6-5FB3-4FC9-AC63-6BFE73962DDD}.Release|Any CPU.Build.0 = Release|Any CPU
		{850E13C6-5FB3-4FC9-AC63-6BFE73962DDD}.Release|x86.ActiveCfg = Release|Any CPU
		{44BD3C7D-7385-40AA-B842-564FCF34FB76}.Debug|Any CPU.ActiveCfg = Debug|Any CPU
		{44BD3C7D-7385-40AA-B842-564FCF34FB76}.Debug|Any CPU.Build.0 = Debug|Any CPU
		{44BD3C7D-7385-40AA-B842-564FCF34FB76}.Debug|x86.ActiveCfg = Debug|x86
		{44BD3C7D-7385-40AA-B842-564FCF34FB76}.Debug|x86.Build.0 = Debug|x86
		{44BD3C7D-7385-40AA-B842-564FCF34FB76}.Release|Any CPU.ActiveCfg = Release|Any CPU
		{44BD3C7D-7385-40AA-B842-564FCF34FB76}.Release|Any CPU.Build.0 = Release|Any CPU
		{44BD3C7D-7385-40AA-B842-564FCF34FB76}.Release|x86.ActiveCfg = Release|Any CPU
		{9E5F756C-E4DA-476F-AAC8-7C368B8021B2}.Debug|Any CPU.ActiveCfg = Debug|Any CPU
		{9E5F756C-E4DA-476F-AAC8-7C368B8021B2}.Debug|Any CPU.Build.0 = Debug|Any CPU
		{9E5F756C-E4DA-476F-AAC8-7C368B8021B2}.Debug|x86.ActiveCfg = Debug|x86
		{9E5F756C-E4DA-476F-AAC8-7C368B8021B2}.Debug|x86.Build.0 = Debug|x86
		{9E5F756C-E4DA-476F-AAC8-7C368B8021B2}.Release|Any CPU.ActiveCfg = Release|Any CPU
		{9E5F756C-E4DA-476F-AAC8-7C368B8021B2}.Release|Any CPU.Build.0 = Release|Any CPU
		{9E5F756C-E4DA-476F-AAC8-7C368B8021B2}.Release|x86.ActiveCfg = Release|Any CPU
		{BB811F60-35CF-42F7-9A62-B2C796673A9A}.Debug|Any CPU.ActiveCfg = Debug|Any CPU
		{BB811F60-35CF-42F7-9A62-B2C796673A9A}.Debug|Any CPU.Build.0 = Debug|Any CPU
		{BB811F60-35CF-42F7-9A62-B2C796673A9A}.Debug|x86.ActiveCfg = Debug|x86
		{BB811F60-35CF-42F7-9A62-B2C796673A9A}.Debug|x86.Build.0 = Debug|x86
		{BB811F60-35CF-42F7-9A62-B2C796673A9A}.Release|Any CPU.ActiveCfg = Release|Any CPU
		{BB811F60-35CF-42F7-9A62-B2C796673A9A}.Release|Any CPU.Build.0 = Release|Any CPU
		{BB811F60-35CF-42F7-9A62-B2C796673A9A}.Release|x86.ActiveCfg = Release|Any CPU
		{DDF2A1D3-CA20-44B4-99B4-8A87AE4ECC7D}.Debug|Any CPU.ActiveCfg = Debug|Any CPU
		{DDF2A1D3-CA20-44B4-99B4-8A87AE4ECC7D}.Debug|Any CPU.Build.0 = Debug|Any CPU
		{DDF2A1D3-CA20-44B4-99B4-8A87AE4ECC7D}.Debug|x86.ActiveCfg = Debug|x86
		{DDF2A1D3-CA20-44B4-99B4-8A87AE4ECC7D}.Debug|x86.Build.0 = Debug|x86
		{DDF2A1D3-CA20-44B4-99B4-8A87AE4ECC7D}.Release|Any CPU.ActiveCfg = Release|Any CPU
		{DDF2A1D3-CA20-44B4-99B4-8A87AE4ECC7D}.Release|Any CPU.Build.0 = Release|Any CPU
		{DDF2A1D3-CA20-44B4-99B4-8A87AE4ECC7D}.Release|x86.ActiveCfg = Release|x86
		{DDF2A1D3-CA20-44B4-99B4-8A87AE4ECC7D}.Release|x86.Build.0 = Release|x86
		{BFBCCA96-BE1E-4DD7-B3CF-5DFAB38B8AB1}.Debug|Any CPU.ActiveCfg = Debug|Any CPU
		{BFBCCA96-BE1E-4DD7-B3CF-5DFAB38B8AB1}.Debug|Any CPU.Build.0 = Debug|Any CPU
		{BFBCCA96-BE1E-4DD7-B3CF-5DFAB38B8AB1}.Debug|x86.ActiveCfg = Debug|x86
		{BFBCCA96-BE1E-4DD7-B3CF-5DFAB38B8AB1}.Debug|x86.Build.0 = Debug|x86
		{BFBCCA96-BE1E-4DD7-B3CF-5DFAB38B8AB1}.Release|Any CPU.ActiveCfg = Release|Any CPU
		{BFBCCA96-BE1E-4DD7-B3CF-5DFAB38B8AB1}.Release|Any CPU.Build.0 = Release|Any CPU
		{BFBCCA96-BE1E-4DD7-B3CF-5DFAB38B8AB1}.Release|x86.ActiveCfg = Release|Any CPU
		{1CA8ED8D-A6B4-4E58-844A-6D29AD7AC73A}.Debug|Any CPU.ActiveCfg = Debug|Any CPU
		{1CA8ED8D-A6B4-4E58-844A-6D29AD7AC73A}.Debug|Any CPU.Build.0 = Debug|Any CPU
		{1CA8ED8D-A6B4-4E58-844A-6D29AD7AC73A}.Debug|x86.ActiveCfg = Debug|x86
		{1CA8ED8D-A6B4-4E58-844A-6D29AD7AC73A}.Debug|x86.Build.0 = Debug|x86
		{1CA8ED8D-A6B4-4E58-844A-6D29AD7AC73A}.Release|Any CPU.ActiveCfg = Release|Any CPU
		{1CA8ED8D-A6B4-4E58-844A-6D29AD7AC73A}.Release|Any CPU.Build.0 = Release|Any CPU
		{1CA8ED8D-A6B4-4E58-844A-6D29AD7AC73A}.Release|x86.ActiveCfg = Release|Any CPU
	EndGlobalSection
	GlobalSection(SolutionProperties) = preSolution
		HideSolutionNode = FALSE
	EndGlobalSection
	GlobalSection(NestedProjects) = preSolution
		{84FF7649-6505-45AE-A3BE-A0E30357F3C3} = {C7465563-1DD0-4323-AAD5-3DB045799F9F}
		{850E13C6-5FB3-4FC9-AC63-6BFE73962DDD} = {C7465563-1DD0-4323-AAD5-3DB045799F9F}
		{44BD3C7D-7385-40AA-B842-564FCF34FB76} = {C7465563-1DD0-4323-AAD5-3DB045799F9F}
		{9E5F756C-E4DA-476F-AAC8-7C368B8021B2} = {C7465563-1DD0-4323-AAD5-3DB045799F9F}
		{BB811F60-35CF-42F7-9A62-B2C796673A9A} = {C7465563-1DD0-4323-AAD5-3DB045799F9F}
		{1CA8ED8D-A6B4-4E58-844A-6D29AD7AC73A} = {C7465563-1DD0-4323-AAD5-3DB045799F9F}
	EndGlobalSection
EndGlobal
